
Microsoft Visual Studio Solution File, Format Version 12.00
# Visual Studio Version 17
VisualStudioVersion = 17.3.32825.248
MinimumVisualStudioVersion = 10.0.40219.1
Project("{FAE04EC0-301F-11D3-BF4B-00C04F79EFBC}") = "uppdrag1", "uppdrag1\uppdrag1.csproj", "{89D81E28-35A3-41D7-812B-77C8D2C1BC5D}"
EndProject
Global
	GlobalSection(SolutionConfigurationPlatforms) = preSolution
		Debug|Any CPU = Debug|Any CPU
		Release|Any CPU = Release|Any CPU
	EndGlobalSection
	GlobalSection(ProjectConfigurationPlatforms) = postSolution
		{89D81E28-35A3-41D7-812B-77C8D2C1BC5D}.Debug|Any CPU.ActiveCfg = Debug|Any CPU
		{89D81E28-35A3-41D7-812B-77C8D2C1BC5D}.Debug|Any CPU.Build.0 = Debug|Any CPU
		{89D81E28-35A3-41D7-812B-77C8D2C1BC5D}.Release|Any CPU.ActiveCfg = Release|Any CPU
		{89D81E28-35A3-41D7-812B-77C8D2C1BC5D}.Release|Any CPU.Build.0 = Release|Any CPU
	EndGlobalSection
	GlobalSection(SolutionProperties) = preSolution
		HideSolutionNode = FALSE
	EndGlobalSection
	GlobalSection(ExtensibilityGlobals) = postSolution
		SolutionGuid = {81289615-E06B-47AC-8E49-AC32D44904F5}
	EndGlobalSection
EndGlobal
